// !$*UTF8*$!
{
	archiveVersion = 1;
	classes = {
	};
	objectVersion = 48;
	objects = {

/* Begin PBXBuildFile section */
		9C05B0281F7496780019115F /* AppDelegate.swift in Sources */ = {isa = PBXBuildFile; fileRef = 9C05B0271F7496780019115F /* AppDelegate.swift */; };
		9C05B02A1F7496780019115F /* ViewController.swift in Sources */ = {isa = PBXBuildFile; fileRef = 9C05B0291F7496780019115F /* ViewController.swift */; };
		9C05B02D1F7496780019115F /* Main.storyboard in Resources */ = {isa = PBXBuildFile; fileRef = 9C05B02B1F7496780019115F /* Main.storyboard */; };
		9C05B02F1F7496780019115F /* Assets.xcassets in Resources */ = {isa = PBXBuildFile; fileRef = 9C05B02E1F7496780019115F /* Assets.xcassets */; };
		9C05B0321F7496780019115F /* LaunchScreen.storyboard in Resources */ = {isa = PBXBuildFile; fileRef = 9C05B0301F7496780019115F /* LaunchScreen.storyboard */; };
		9C05B03D1F7496780019115F /* CPFSwiftTests.swift in Sources */ = {isa = PBXBuildFile; fileRef = 9C05B03C1F7496780019115F /* CPFSwiftTests.swift */; };
		9C05B0481F7496780019115F /* CPFSwiftUITests.swift in Sources */ = {isa = PBXBuildFile; fileRef = 9C05B0471F7496780019115F /* CPFSwiftUITests.swift */; };
/* End PBXBuildFile section */

/* Begin PBXContainerItemProxy section */
		9C05B0391F7496780019115F /* PBXContainerItemProxy */ = {
			isa = PBXContainerItemProxy;
			containerPortal = 9C05B01C1F7496770019115F /* Project object */;
			proxyType = 1;
			remoteGlobalIDString = 9C05B0231F7496780019115F;
			remoteInfo = CPFSwift;
		};
		9C05B0441F7496780019115F /* PBXContainerItemProxy */ = {
			isa = PBXContainerItemProxy;
			containerPortal = 9C05B01C1F7496770019115F /* Project object */;
			proxyType = 1;
			remoteGlobalIDString = 9C05B0231F7496780019115F;
			remoteInfo = CPFSwift;
		};
/* End PBXContainerItemProxy section */

/* Begin PBXFileReference section */
		9C05B0241F7496780019115F /* CPFSwift.app */ = {isa = PBXFileReference; explicitFileType = wrapper.application; includeInIndex = 0; path = CPFSwift.app; sourceTree = BUILT_PRODUCTS_DIR; };
		9C05B0271F7496780019115F /* AppDelegate.swift */ = {isa = PBXFileReference; lastKnownFileType = sourcecode.swift; path = AppDelegate.swift; sourceTree = "<group>"; };
		9C05B0291F7496780019115F /* ViewController.swift */ = {isa = PBXFileReference; lastKnownFileType = sourcecode.swift; path = ViewController.swift; sourceTree = "<group>"; };
		9C05B02C1F7496780019115F /* Base */ = {isa = PBXFileReference; lastKnownFileType = file.storyboard; name = Base; path = Base.lproj/Main.storyboard; sourceTree = "<group>"; };
		9C05B02E1F7496780019115F /* Assets.xcassets */ = {isa = PBXFileReference; lastKnownFileType = folder.assetcatalog; path = Assets.xcassets; sourceTree = "<group>"; };
		9C05B0311F7496780019115F /* Base */ = {isa = PBXFileReference; lastKnownFileType = file.storyboard; name = Base; path = Base.lproj/LaunchScreen.storyboard; sourceTree = "<group>"; };
		9C05B0331F7496780019115F /* Info.plist */ = {isa = PBXFileReference; lastKnownFileType = text.plist.xml; path = Info.plist; sourceTree = "<group>"; };
		9C05B0381F7496780019115F /* CPFSwiftTests.xctest */ = {isa = PBXFileReference; explicitFileType = wrapper.cfbundle; includeInIndex = 0; path = CPFSwiftTests.xctest; sourceTree = BUILT_PRODUCTS_DIR; };
		9C05B03C1F7496780019115F /* CPFSwiftTests.swift */ = {isa = PBXFileReference; lastKnownFileType = sourcecode.swift; path = CPFSwiftTests.swift; sourceTree = "<group>"; };
		9C05B03E1F7496780019115F /* Info.plist */ = {isa = PBXFileReference; lastKnownFileType = text.plist.xml; path = Info.plist; sourceTree = "<group>"; };
		9C05B0431F7496780019115F /* CPFSwiftUITests.xctest */ = {isa = PBXFileReference; explicitFileType = wrapper.cfbundle; includeInIndex = 0; path = CPFSwiftUITests.xctest; sourceTree = BUILT_PRODUCTS_DIR; };
		9C05B0471F7496780019115F /* CPFSwiftUITests.swift */ = {isa = PBXFileReference; lastKnownFileType = sourcecode.swift; path = CPFSwiftUITests.swift; sourceTree = "<group>"; };
		9C05B0491F7496790019115F /* Info.plist */ = {isa = PBXFileReference; lastKnownFileType = text.plist.xml; path = Info.plist; sourceTree = "<group>"; };
/* End PBXFileReference section */

/* Begin PBXFrameworksBuildPhase section */
		9C05B0211F7496780019115F /* Frameworks */ = {
			isa = PBXFrameworksBuildPhase;
			buildActionMask = 2147483647;
			files = (
			);
			runOnlyForDeploymentPostprocessing = 0;
		};
		9C05B0351F7496780019115F /* Frameworks */ = {
			isa = PBXFrameworksBuildPhase;
			buildActionMask = 2147483647;
			files = (
			);
			runOnlyForDeploymentPostprocessing = 0;
		};
		9C05B0401F7496780019115F /* Frameworks */ = {
			isa = PBXFrameworksBuildPhase;
			buildActionMask = 2147483647;
			files = (
			);
			runOnlyForDeploymentPostprocessing = 0;
		};
/* End PBXFrameworksBuildPhase section */

/* Begin PBXGroup section */
		9C05B01B1F7496770019115F = {
			isa = PBXGroup;
			children = (
				9C05B0261F7496780019115F /* CPFSwift */,
				9C05B03B1F7496780019115F /* CPFSwiftTests */,
				9C05B0461F7496780019115F /* CPFSwiftUITests */,
				9C05B0251F7496780019115F /* Products */,
			);
			sourceTree = "<group>";
		};
		9C05B0251F7496780019115F /* Products */ = {
			isa = PBXGroup;
			children = (
				9C05B0241F7496780019115F /* CPFSwift.app */,
				9C05B0381F7496780019115F /* CPFSwiftTests.xctest */,
				9C05B0431F7496780019115F /* CPFSwiftUITests.xctest */,
			);
			name = Products;
			sourceTree = "<group>";
		};
		9C05B0261F7496780019115F /* CPFSwift */ = {
			isa = PBXGroup;
			children = (
				9C05B0271F7496780019115F /* AppDelegate.swift */,
				9C05B0291F7496780019115F /* ViewController.swift */,
				9C05B02B1F7496780019115F /* Main.storyboard */,
				9C05B02E1F7496780019115F /* Assets.xcassets */,
				9C05B0301F7496780019115F /* LaunchScreen.storyboard */,
				9C05B0331F7496780019115F /* Info.plist */,
			);
			path = CPFSwift;
			sourceTree = "<group>";
		};
		9C05B03B1F7496780019115F /* CPFSwiftTests */ = {
			isa = PBXGroup;
			children = (
				9C05B03C1F7496780019115F /* CPFSwiftTests.swift */,
				9C05B03E1F7496780019115F /* Info.plist */,
			);
			path = CPFSwiftTests;
			sourceTree = "<group>";
		};
		9C05B0461F7496780019115F /* CPFSwiftUITests */ = {
			isa = PBXGroup;
			children = (
				9C05B0471F7496780019115F /* CPFSwiftUITests.swift */,
				9C05B0491F7496790019115F /* Info.plist */,
			);
			path = CPFSwiftUITests;
			sourceTree = "<group>";
		};
/* End PBXGroup section */

/* Begin PBXNativeTarget section */
		9C05B0231F7496780019115F /* CPFSwift */ = {
			isa = PBXNativeTarget;
			buildConfigurationList = 9C05B04C1F7496790019115F /* Build configuration list for PBXNativeTarget "CPFSwift" */;
			buildPhases = (
				9C05B0201F7496780019115F /* Sources */,
				9C05B0211F7496780019115F /* Frameworks */,
				9C05B0221F7496780019115F /* Resources */,
			);
			buildRules = (
			);
			dependencies = (
			);
			name = CPFSwift;
			productName = CPFSwift;
			productReference = 9C05B0241F7496780019115F /* CPFSwift.app */;
			productType = "com.apple.product-type.application";
		};
		9C05B0371F7496780019115F /* CPFSwiftTests */ = {
			isa = PBXNativeTarget;
			buildConfigurationList = 9C05B04F1F7496790019115F /* Build configuration list for PBXNativeTarget "CPFSwiftTests" */;
			buildPhases = (
				9C05B0341F7496780019115F /* Sources */,
				9C05B0351F7496780019115F /* Frameworks */,
				9C05B0361F7496780019115F /* Resources */,
			);
			buildRules = (
			);
			dependencies = (
				9C05B03A1F7496780019115F /* PBXTargetDependency */,
			);
			name = CPFSwiftTests;
			productName = CPFSwiftTests;
			productReference = 9C05B0381F7496780019115F /* CPFSwiftTests.xctest */;
			productType = "com.apple.product-type.bundle.unit-test";
		};
		9C05B0421F7496780019115F /* CPFSwiftUITests */ = {
			isa = PBXNativeTarget;
			buildConfigurationList = 9C05B0521F7496790019115F /* Build configuration list for PBXNativeTarget "CPFSwiftUITests" */;
			buildPhases = (
				9C05B03F1F7496780019115F /* Sources */,
				9C05B0401F7496780019115F /* Frameworks */,
				9C05B0411F7496780019115F /* Resources */,
			);
			buildRules = (
			);
			dependencies = (
				9C05B0451F7496780019115F /* PBXTargetDependency */,
			);
			name = CPFSwiftUITests;
			productName = CPFSwiftUITests;
			productReference = 9C05B0431F7496780019115F /* CPFSwiftUITests.xctest */;
			productType = "com.apple.product-type.bundle.ui-testing";
		};
/* End PBXNativeTarget section */

/* Begin PBXProject section */
		9C05B01C1F7496770019115F /* Project object */ = {
			isa = PBXProject;
			attributes = {
				LastSwiftUpdateCheck = 0900;
				LastUpgradeCheck = 0900;
				ORGANIZATIONNAME = "Marcelo Sampaio";
				TargetAttributes = {
					9C05B0231F7496780019115F = {
						CreatedOnToolsVersion = 9.0;
						ProvisioningStyle = Automatic;
					};
					9C05B0371F7496780019115F = {
						CreatedOnToolsVersion = 9.0;
						ProvisioningStyle = Automatic;
						TestTargetID = 9C05B0231F7496780019115F;
					};
					9C05B0421F7496780019115F = {
						CreatedOnToolsVersion = 9.0;
						ProvisioningStyle = Automatic;
						TestTargetID = 9C05B0231F7496780019115F;
					};
				};
			};
			buildConfigurationList = 9C05B01F1F7496770019115F /* Build configuration list for PBXProject "CPFSwift" */;
			compatibilityVersion = "Xcode 8.0";
			developmentRegion = en;
			hasScannedForEncodings = 0;
			knownRegions = (
				en,
				Base,
			);
			mainGroup = 9C05B01B1F7496770019115F;
			productRefGroup = 9C05B0251F7496780019115F /* Products */;
			projectDirPath = "";
			projectRoot = "";
			targets = (
				9C05B0231F7496780019115F /* CPFSwift */,
				9C05B0371F7496780019115F /* CPFSwiftTests */,
				9C05B0421F7496780019115F /* CPFSwiftUITests */,
			);
		};
/* End PBXProject section */

/* Begin PBXResourcesBuildPhase section */
		9C05B0221F7496780019115F /* Resources */ = {
			isa = PBXResourcesBuildPhase;
			buildActionMask = 2147483647;
			files = (
				9C05B0321F7496780019115F /* LaunchScreen.storyboard in Resources */,
				9C05B02F1F7496780019115F /* Assets.xcassets in Resources */,
				9C05B02D1F7496780019115F /* Main.storyboard in Resources */,
			);
			runOnlyForDeploymentPostprocessing = 0;
		};
		9C05B0361F7496780019115F /* Resources */ = {
			isa = PBXResourcesBuildPhase;
			buildActionMask = 2147483647;
			files = (
			);
			runOnlyForDeploymentPostprocessing = 0;
		};
		9C05B0411F7496780019115F /* Resources */ = {
			isa = PBXResourcesBuildPhase;
			buildActionMask = 2147483647;
			files = (
			);
			runOnlyForDeploymentPostprocessing = 0;
		};
/* End PBXResourcesBuildPhase section */

/* Begin PBXSourcesBuildPhase section */
		9C05B0201F7496780019115F /* Sources */ = {
			isa = PBXSourcesBuildPhase;
			buildActionMask = 2147483647;
			files = (
				9C05B02A1F7496780019115F /* ViewController.swift in Sources */,
				9C05B0281F7496780019115F /* AppDelegate.swift in Sources */,
			);
			runOnlyForDeploymentPostprocessing = 0;
		};
		9C05B0341F7496780019115F /* Sources */ = {
			isa = PBXSourcesBuildPhase;
			buildActionMask = 2147483647;
			files = (
				9C05B03D1F7496780019115F /* CPFSwiftTests.swift in Sources */,
			);
			runOnlyForDeploymentPostprocessing = 0;
		};
		9C05B03F1F7496780019115F /* Sources */ = {
			isa = PBXSourcesBuildPhase;
			buildActionMask = 2147483647;
			files = (
				9C05B0481F7496780019115F /* CPFSwiftUITests.swift in Sources */,
			);
			runOnlyForDeploymentPostprocessing = 0;
		};
/* End PBXSourcesBuildPhase section */

/* Begin PBXTargetDependency section */
		9C05B03A1F7496780019115F /* PBXTargetDependency */ = {
			isa = PBXTargetDependency;
			target = 9C05B0231F7496780019115F /* CPFSwift */;
			targetProxy = 9C05B0391F7496780019115F /* PBXContainerItemProxy */;
		};
		9C05B0451F7496780019115F /* PBXTargetDependency */ = {
			isa = PBXTargetDependency;
			target = 9C05B0231F7496780019115F /* CPFSwift */;
			targetProxy = 9C05B0441F7496780019115F /* PBXContainerItemProxy */;
		};
/* End PBXTargetDependency section */

/* Begin PBXVariantGroup section */
		9C05B02B1F7496780019115F /* Main.storyboard */ = {
			isa = PBXVariantGroup;
			children = (
				9C05B02C1F7496780019115F /* Base */,
			);
			name = Main.storyboard;
			sourceTree = "<group>";
		};
		9C05B0301F7496780019115F /* LaunchScreen.storyboard */ = {
			isa = PBXVariantGroup;
			children = (
				9C05B0311F7496780019115F /* Base */,
			);
			name = LaunchScreen.storyboard;
			sourceTree = "<group>";
		};
/* End PBXVariantGroup section */

/* Begin XCBuildConfiguration section */
		9C05B04A1F7496790019115F /* Debug */ = {
			isa = XCBuildConfiguration;
			buildSettings = {
				ALWAYS_SEARCH_USER_PATHS = NO;
				CLANG_ANALYZER_NONNULL = YES;
				CLANG_ANALYZER_NUMBER_OBJECT_CONVERSION = YES_AGGRESSIVE;
				CLANG_CXX_LANGUAGE_STANDARD = "gnu++14";
				CLANG_CXX_LIBRARY = "libc++";
				CLANG_ENABLE_MODULES = YES;
				CLANG_ENABLE_OBJC_ARC = YES;
				CLANG_WARN_BLOCK_CAPTURE_AUTORELEASING = YES;
				CLANG_WARN_BOOL_CONVERSION = YES;
				CLANG_WARN_COMMA = YES;
				CLANG_WARN_CONSTANT_CONVERSION = YES;
				CLANG_WARN_DIRECT_OBJC_ISA_USAGE = YES_ERROR;
				CLANG_WARN_DOCUMENTATION_COMMENTS = YES;
				CLANG_WARN_EMPTY_BODY = YES;
				CLANG_WARN_ENUM_CONVERSION = YES;
				CLANG_WARN_INFINITE_RECURSION = YES;
				CLANG_WARN_INT_CONVERSION = YES;
				CLANG_WARN_NON_LITERAL_NULL_CONVERSION = YES;
				CLANG_WARN_OBJC_LITERAL_CONVERSION = YES;
				CLANG_WARN_OBJC_ROOT_CLASS = YES_ERROR;
				CLANG_WARN_RANGE_LOOP_ANALYSIS = YES;
				CLANG_WARN_STRICT_PROTOTYPES = YES;
				CLANG_WARN_SUSPICIOUS_MOVE = YES;
				CLANG_WARN_UNGUARDED_AVAILABILITY = YES_AGGRESSIVE;
				CLANG_WARN_UNREACHABLE_CODE = YES;
				CLANG_WARN__DUPLICATE_METHOD_MATCH = YES;
				CODE_SIGN_IDENTITY = "iPhone Developer";
				COPY_PHASE_STRIP = NO;
				DEBUG_INFORMATION_FORMAT = dwarf;
				ENABLE_STRICT_OBJC_MSGSEND = YES;
				ENABLE_TESTABILITY = YES;
				GCC_C_LANGUAGE_STANDARD = gnu11;
				GCC_DYNAMIC_NO_PIC = NO;
				GCC_NO_COMMON_BLOCKS = YES;
				GCC_OPTIMIZATION_LEVEL = 0;
				GCC_PREPROCESSOR_DEFINITIONS = (
					"DEBUG=1",
					"$(inherited)",
				);
				GCC_WARN_64_TO_32_BIT_CONVERSION = YES;
				GCC_WARN_ABOUT_RETURN_TYPE = YES_ERROR;
				GCC_WARN_UNDECLARED_SELECTOR = YES;
				GCC_WARN_UNINITIALIZED_AUTOS = YES_AGGRESSIVE;
				GCC_WARN_UNUSED_FUNCTION = YES;
				GCC_WARN_UNUSED_VARIABLE = YES;
				IPHONEOS_DEPLOYMENT_TARGET = 11.0;
				MTL_ENABLE_DEBUG_INFO = YES;
				ONLY_ACTIVE_ARCH = YES;
				SDKROOT = iphoneos;
				SWIFT_ACTIVE_COMPILATION_CONDITIONS = DEBUG;
				SWIFT_OPTIMIZATION_LEVEL = "-Onone";
			};
			name = Debug;
		};
		9C05B04B1F7496790019115F /* Release */ = {
			isa = XCBuildConfiguration;
			buildSettings = {
				ALWAYS_SEARCH_USER_PATHS = NO;
				CLANG_ANALYZER_NONNULL = YES;
				CLANG_ANALYZER_NUMBER_OBJECT_CONVERSION = YES_AGGRESSIVE;
				CLANG_CXX_LANGUAGE_STANDARD = "gnu++14";
				CLANG_CXX_LIBRARY = "libc++";
				CLANG_ENABLE_MODULES = YES;
				CLANG_ENABLE_OBJC_ARC = YES;
				CLANG_WARN_BLOCK_CAPTURE_AUTORELEASING = YES;
				CLANG_WARN_BOOL_CONVERSION = YES;
				CLANG_WARN_COMMA = YES;
				CLANG_WARN_CONSTANT_CONVERSION = YES;
				CLANG_WARN_DIRECT_OBJC_ISA_USAGE = YES_ERROR;
				CLANG_WARN_DOCUMENTATION_COMMENTS = YES;
				CLANG_WARN_EMPTY_BODY = YES;
				CLANG_WARN_ENUM_CONVERSION = YES;
				CLANG_WARN_INFINITE_RECURSION = YES;
				CLANG_WARN_INT_CONVERSION = YES;
				CLANG_WARN_NON_LITERAL_NULL_CONVERSION = YES;
				CLANG_WARN_OBJC_LITERAL_CONVERSION = YES;
				CLANG_WARN_OBJC_ROOT_CLASS = YES_ERROR;
				CLANG_WARN_RANGE_LOOP_ANALYSIS = YES;
				CLANG_WARN_STRICT_PROTOTYPES = YES;
				CLANG_WARN_SUSPICIOUS_MOVE = YES;
				CLANG_WARN_UNGUARDED_AVAILABILITY = YES_AGGRESSIVE;
				CLANG_WARN_UNREACHABLE_CODE = YES;
				CLANG_WARN__DUPLICATE_METHOD_MATCH = YES;
				CODE_SIGN_IDENTITY = "iPhone Developer";
				COPY_PHASE_STRIP = NO;
				DEBUG_INFORMATION_FORMAT = "dwarf-with-dsym";
				ENABLE_NS_ASSERTIONS = NO;
				ENABLE_STRICT_OBJC_MSGSEND = YES;
				GCC_C_LANGUAGE_STANDARD = gnu11;
				GCC_NO_COMMON_BLOCKS = YES;
				GCC_WARN_64_TO_32_BIT_CONVERSION = YES;
				GCC_WARN_ABOUT_RETURN_TYPE = YES_ERROR;
				GCC_WARN_UNDECLARED_SELECTOR = YES;
				GCC_WARN_UNINITIALIZED_AUTOS = YES_AGGRESSIVE;
				GCC_WARN_UNUSED_FUNCTION = YES;
				GCC_WARN_UNUSED_VARIABLE = YES;
				IPHONEOS_DEPLOYMENT_TARGET = 11.0;
				MTL_ENABLE_DEBUG_INFO = NO;
				SDKROOT = iphoneos;
				SWIFT_OPTIMIZATION_LEVEL = "-Owholemodule";
				VALIDATE_PRODUCT = YES;
			};
			name = Release;
		};
		9C05B04D1F7496790019115F /* Debug */ = {
			isa = XCBuildConfiguration;
			buildSettings = {
				ASSETCATALOG_COMPILER_APPICON_NAME = AppIcon;
				CODE_SIGN_STYLE = Automatic;
				DEVELOPMENT_TEAM = 5U294U2N56;
				INFOPLIST_FILE = CPFSwift/Info.plist;
				LD_RUNPATH_SEARCH_PATHS = "$(inherited) @executable_path/Frameworks";
				PRODUCT_BUNDLE_IDENTIFIER = MAS.CPFSwift;
				PRODUCT_NAME = "$(TARGET_NAME)";
				SWIFT_VERSION = 4.0;
				TARGETED_DEVICE_FAMILY = "1,2";
			};
			name = Debug;
		};
		9C05B04E1F7496790019115F /* Release */ = {
			isa = XCBuildConfiguration;
			buildSettings = {
				ASSETCATALOG_COMPILER_APPICON_NAME = AppIcon;
				CODE_SIGN_STYLE = Automatic;
				DEVELOPMENT_TEAM = 5U294U2N56;
				INFOPLIST_FILE = CPFSwift/Info.plist;
				LD_RUNPATH_SEARCH_PATHS = "$(inherited) @executable_path/Frameworks";
				PRODUCT_BUNDLE_IDENTIFIER = MAS.CPFSwift;
				PRODUCT_NAME = "$(TARGET_NAME)";
				SWIFT_VERSION = 4.0;
				TARGETED_DEVICE_FAMILY = "1,2";
			};
			name = Release;
		};
		9C05B0501F7496790019115F /* Debug */ = {
			isa = XCBuildConfiguration;
			buildSettings = {
				ALWAYS_EMBED_SWIFT_STANDARD_LIBRARIES = YES;
				BUNDLE_LOADER = "$(TEST_HOST)";
				CODE_SIGN_STYLE = Automatic;
				DEVELOPMENT_TEAM = 5U294U2N56;
				INFOPLIST_FILE = CPFSwiftTests/Info.plist;
				LD_RUNPATH_SEARCH_PATHS = "$(inherited) @executable_path/Frameworks @loader_path/Frameworks";
				PRODUCT_BUNDLE_IDENTIFIER = MAS.CPFSwiftTests;
				PRODUCT_NAME = "$(TARGET_NAME)";
				SWIFT_VERSION = 4.0;
				TARGETED_DEVICE_FAMILY = "1,2";
				TEST_HOST = "$(BUILT_PRODUCTS_DIR)/CPFSwift.app/CPFSwift";
			};
			name = Debug;
		};
		9C05B0511F7496790019115F /* Release */ = {
			isa = XCBuildConfiguration;
			buildSettings = {
				ALWAYS_EMBED_SWIFT_STANDARD_LIBRARIES = YES;
				BUNDLE_LOADER = "$(TEST_HOST)";
				CODE_SIGN_STYLE = Automatic;
				DEVELOPMENT_TEAM = 5U294U2N56;
				INFOPLIST_FILE = CPFSwiftTests/Info.plist;
				LD_RUNPATH_SEARCH_PATHS = "$(inherited) @executable_path/Frameworks @loader_path/Frameworks";
				PRODUCT_BUNDLE_IDENTIFIER = MAS.CPFSwiftTests;
				PRODUCT_NAME = "$(TARGET_NAME)";
				SWIFT_VERSION = 4.0;
				TARGETED_DEVICE_FAMILY = "1,2";
				TEST_HOST = "$(BUILT_PRODUCTS_DIR)/CPFSwift.app/CPFSwift";
			};
			name = Release;
		};
		9C05B0531F7496790019115F /* Debug */ = {
			isa = XCBuildConfiguration;
			buildSettings = {
				ALWAYS_EMBED_SWIFT_STANDARD_LIBRARIES = YES;
				CODE_SIGN_STYLE = Automatic;
				DEVELOPMENT_TEAM = 5U294U2N56;
				INFOPLIST_FILE = CPFSwiftUITests/Info.plist;
				LD_RUNPATH_SEARCH_PATHS = "$(inherited) @executable_path/Frameworks @loader_path/Frameworks";
				PRODUCT_BUNDLE_IDENTIFIER = MAS.CPFSwiftUITests;
				PRODUCT_NAME = "$(TARGET_NAME)";
				SWIFT_VERSION = 4.0;
				TARGETED_DEVICE_FAMILY = "1,2";
				TEST_TARGET_NAME = CPFSwift;
			};
			name = Debug;
		};
		9C05B0541F7496790019115F /* Release */ = {
			isa = XCBuildConfiguration;
			buildSettings = {
				ALWAYS_EMBED_SWIFT_STANDARD_LIBRARIES = YES;
				CODE_SIGN_STYLE = Automatic;
				DEVELOPMENT_TEAM = 5U294U2N56;
				INFOPLIST_FILE = CPFSwiftUITests/Info.plist;
				LD_RUNPATH_SEARCH_PATHS = "$(inherited) @executable_path/Frameworks @loader_path/Frameworks";
				PRODUCT_BUNDLE_IDENTIFIER = MAS.CPFSwiftUITests;
				PRODUCT_NAME = "$(TARGET_NAME)";
				SWIFT_VERSION = 4.0;
				TARGETED_DEVICE_FAMILY = "1,2";
				TEST_TARGET_NAME = CPFSwift;
			};
			name = Release;
		};
/* End XCBuildConfiguration section */

/* Begin XCConfigurationList section */
		9C05B01F1F7496770019115F /* Build configuration list for PBXProject "CPFSwift" */ = {
			isa = XCConfigurationList;
			buildConfigurations = (
				9C05B04A1F7496790019115F /* Debug */,
				9C05B04B1F7496790019115F /* Release */,
			);
			defaultConfigurationIsVisible = 0;
			defaultConfigurationName = Release;
		};
		9C05B04C1F7496790019115F /* Build configuration list for PBXNativeTarget "CPFSwift" */ = {
			isa = XCConfigurationList;
			buildConfigurations = (
				9C05B04D1F7496790019115F /* Debug */,
				9C05B04E1F7496790019115F /* Release */,
			);
			defaultConfigurationIsVisible = 0;
			defaultConfigurationName = Release;
		};
		9C05B04F1F7496790019115F /* Build configuration list for PBXNativeTarget "CPFSwiftTests" */ = {
			isa = XCConfigurationList;
			buildConfigurations = (
				9C05B0501F7496790019115F /* Debug */,
				9C05B0511F7496790019115F /* Release */,
			);
			defaultConfigurationIsVisible = 0;
			defaultConfigurationName = Release;
		};
		9C05B0521F7496790019115F /* Build configuration list for PBXNativeTarget "CPFSwiftUITests" */ = {
			isa = XCConfigurationList;
			buildConfigurations = (
				9C05B0531F7496790019115F /* Debug */,
				9C05B0541F7496790019115F /* Release */,
			);
			defaultConfigurationIsVisible = 0;
			defaultConfigurationName = Release;
		};
/* End XCConfigurationList section */
	};
	rootObject = 9C05B01C1F7496770019115F /* Project object */;
}
